
Microsoft Visual Studio Solution File, Format Version 12.00
# Visual Studio 15
VisualStudioVersion = 15.0.28010.2050
MinimumVisualStudioVersion = 10.0.40219.1
Project("{9A19103F-16F7-4668-BE54-9A1E7A4F7556}") = "jabber", "jabber.csproj", "{4779777F-CAD9-408F-8548-84455D9AA649}"
EndProject
Project("{FAE04EC0-301F-11D3-BF4B-00C04F79EFBC}") = "incursion-dotnet-publish", "..\incursion-dotnet-publish\incursion-dotnet-publish.csproj", "{688F3D38-5C9C-46FE-B31F-28BC9627FBCE}"
EndProject
Global
	GlobalSection(SolutionConfigurationPlatforms) = preSolution
		Debug|Any CPU = Debug|Any CPU
		Release|Any CPU = Release|Any CPU
	EndGlobalSection
	GlobalSection(ProjectConfigurationPlatforms) = postSolution
		{4779777F-CAD9-408F-8548-84455D9AA649}.Debug|Any CPU.ActiveCfg = Debug|Any CPU
		{4779777F-CAD9-408F-8548-84455D9AA649}.Debug|Any CPU.Build.0 = Debug|Any CPU
		{4779777F-CAD9-408F-8548-84455D9AA649}.Release|Any CPU.ActiveCfg = Release|Any CPU
		{4779777F-CAD9-408F-8548-84455D9AA649}.Release|Any CPU.Build.0 = Release|Any CPU
		{688F3D38-5C9C-46FE-B31F-28BC9627FBCE}.Debug|Any CPU.ActiveCfg = Debug|Any CPU
		{688F3D38-5C9C-46FE-B31F-28BC9627FBCE}.Debug|Any CPU.Build.0 = Debug|Any CPU
		{688F3D38-5C9C-46FE-B31F-28BC9627FBCE}.Release|Any CPU.ActiveCfg = Release|Any CPU
		{688F3D38-5C9C-46FE-B31F-28BC9627FBCE}.Release|Any CPU.Build.0 = Release|Any CPU
	EndGlobalSection
	GlobalSection(SolutionProperties) = preSolution
		HideSolutionNode = FALSE
	EndGlobalSection
	GlobalSection(ExtensibilityGlobals) = postSolution
		SolutionGuid = {0F401ACC-0217-4E23-843D-B14E4ABEEAD8}
	EndGlobalSection
EndGlobal
